// !$*UTF8*$!
{
	archiveVersion = 1;
	classes = {
	};
	objectVersion = 77;
	objects = {

/* Begin PBXBuildFile section */
		77CB392B2EF222EC00A27DFD /* WidgetKit.framework in Frameworks */ = {isa = PBXBuildFile; fileRef = 77CB392A2EF222EC00A27DFD /* WidgetKit.framework */; };
		77CB392D2EF222EC00A27DFD /* SwiftUI.framework in Frameworks */ = {isa = PBXBuildFile; fileRef = 77CB392C2EF222EC00A27DFD /* SwiftUI.framework */; };
		77CB39982EF222EC00A27DFD /* AppIntents.framework in Frameworks */ = {isa = PBXBuildFile; fileRef = 77CB39992EF222EC00A27DFD /* AppIntents.framework */; };
		77CB393E2EF222EE00A27DFD /* Widget ExtensionExtension.appex in Embed Foundation Extensions */ = {isa = PBXBuildFile; fileRef = 77CB39282EF222EC00A27DFD /* Widget ExtensionExtension.appex */; settings = {ATTRIBUTES = (RemoveHeadersOnCopy, ); }; };
/* End PBXBuildFile section */

/* Begin PBXContainerItemProxy section */
		77CB39082EF21FA100A27DFD /* PBXContainerItemProxy */ = {
			isa = PBXContainerItemProxy;
			containerPortal = 77CB38F22EF21F9F00A27DFD /* Project object */;
			proxyType = 1;
			remoteGlobalIDString = 77CB38F92EF21F9F00A27DFD;
			remoteInfo = "Currency Converter Widget";
		};
		77CB39122EF21FA200A27DFD /* PBXContainerItemProxy */ = {
			isa = PBXContainerItemProxy;
			containerPortal = 77CB38F22EF21F9F00A27DFD /* Project object */;
			proxyType = 1;
			remoteGlobalIDString = 77CB38F92EF21F9F00A27DFD;
			remoteInfo = "Currency Converter Widget";
		};
		77CB393C2EF222EE00A27DFD /* PBXContainerItemProxy */ = {
			isa = PBXContainerItemProxy;
			containerPortal = 77CB38F22EF21F9F00A27DFD /* Project object */;
			proxyType = 1;
			remoteGlobalIDString = 77CB39272EF222EC00A27DFD;
			remoteInfo = "Widget ExtensionExtension";
		};
/* End PBXContainerItemProxy section */

/* Begin PBXCopyFilesBuildPhase section */
		77CB39432EF222EF00A27DFD /* Embed Foundation Extensions */ = {
			isa = PBXCopyFilesBuildPhase;
			buildActionMask = 2147483647;
			dstPath = "";
			dstSubfolderSpec = 13;
			files = (
				77CB393E2EF222EE00A27DFD /* Widget ExtensionExtension.appex in Embed Foundation Extensions */,
			);
			name = "Embed Foundation Extensions";
			runOnlyForDeploymentPostprocessing = 0;
		};
/* End PBXCopyFilesBuildPhase section */

/* Begin PBXFileReference section */
		77CB38FA2EF21F9F00A27DFD /* Currency Converter Widget.app */ = {isa = PBXFileReference; explicitFileType = wrapper.application; includeInIndex = 0; path = "Currency Converter Widget.app"; sourceTree = BUILT_PRODUCTS_DIR; };
		77CB39072EF21FA100A27DFD /* Currency Converter WidgetTests.xctest */ = {isa = PBXFileReference; explicitFileType = wrapper.cfbundle; includeInIndex = 0; path = "Currency Converter WidgetTests.xctest"; sourceTree = BUILT_PRODUCTS_DIR; };
		77CB39112EF21FA200A27DFD /* Currency Converter WidgetUITests.xctest */ = {isa = PBXFileReference; explicitFileType = wrapper.cfbundle; includeInIndex = 0; path = "Currency Converter WidgetUITests.xctest"; sourceTree = BUILT_PRODUCTS_DIR; };
		77CB39282EF222EC00A27DFD /* Widget ExtensionExtension.appex */ = {isa = PBXFileReference; explicitFileType = "wrapper.app-extension"; includeInIndex = 0; path = "Widget ExtensionExtension.appex"; sourceTree = BUILT_PRODUCTS_DIR; };
		77CB392A2EF222EC00A27DFD /* WidgetKit.framework */ = {isa = PBXFileReference; lastKnownFileType = wrapper.framework; name = WidgetKit.framework; path = System/Library/Frameworks/WidgetKit.framework; sourceTree = SDKROOT; };
		77CB392C2EF222EC00A27DFD /* SwiftUI.framework */ = {isa = PBXFileReference; lastKnownFileType = wrapper.framework; name = SwiftUI.framework; path = System/Library/Frameworks/SwiftUI.framework; sourceTree = SDKROOT; };
		77CB39992EF222EC00A27DFD /* AppIntents.framework */ = {isa = PBXFileReference; lastKnownFileType = wrapper.framework; name = AppIntents.framework; path = System/Library/Frameworks/AppIntents.framework; sourceTree = SDKROOT; };
/* End PBXFileReference section */

/* Begin PBXFileSystemSynchronizedBuildFileExceptionSet section */
		77CB393F2EF222EF00A27DFD /* Exceptions for "Widget Extension" folder in "Widget ExtensionExtension" target */ = {
			isa = PBXFileSystemSynchronizedBuildFileExceptionSet;
			membershipExceptions = (
				Info.plist,
			);
			target = 77CB39272EF222EC00A27DFD /* Widget ExtensionExtension */;
		};
/* End PBXFileSystemSynchronizedBuildFileExceptionSet section */

/* Begin PBXFileSystemSynchronizedRootGroup section */
		77CB38FC2EF21F9F00A27DFD /* Currency Converter Widget */ = {
			isa = PBXFileSystemSynchronizedRootGroup;
			path = "Currency Converter Widget";
			sourceTree = "<group>";
		};
		77CB390A2EF21FA100A27DFD /* Currency Converter WidgetTests */ = {
			isa = PBXFileSystemSynchronizedRootGroup;
			path = "Currency Converter WidgetTests";
			sourceTree = "<group>";
		};
		77CB39142EF21FA200A27DFD /* Currency Converter WidgetUITests */ = {
			isa = PBXFileSystemSynchronizedRootGroup;
			path = "Currency Converter WidgetUITests";
			sourceTree = "<group>";
		};
		77CB392E2EF222EC00A27DFD /* Widget Extension */ = {
			isa = PBXFileSystemSynchronizedRootGroup;
			exceptions = (
				77CB393F2EF222EF00A27DFD /* Exceptions for "Widget Extension" folder in "Widget ExtensionExtension" target */,
			);
			path = "Widget Extension";
			sourceTree = "<group>";
		};
/* End PBXFileSystemSynchronizedRootGroup section */

/* Begin PBXFrameworksBuildPhase section */
		77CB38F72EF21F9F00A27DFD /* Frameworks */ = {
			isa = PBXFrameworksBuildPhase;
			buildActionMask = 2147483647;
			files = (
			);
			runOnlyForDeploymentPostprocessing = 0;
		};
		77CB39042EF21FA100A27DFD /* Frameworks */ = {
			isa = PBXFrameworksBuildPhase;
			buildActionMask = 2147483647;
			files = (
			);
			runOnlyForDeploymentPostprocessing = 0;
		};
		77CB390E2EF21FA200A27DFD /* Frameworks */ = {
			isa = PBXFrameworksBuildPhase;
			buildActionMask = 2147483647;
			files = (
			);
			runOnlyForDeploymentPostprocessing = 0;
		};
		77CB39252EF222EC00A27DFD /* Frameworks */ = {
			isa = PBXFrameworksBuildPhase;
			buildActionMask = 2147483647;
			files = (
				77CB392D2EF222EC00A27DFD /* SwiftUI.framework in Frameworks */,
				77CB392B2EF222EC00A27DFD /* WidgetKit.framework in Frameworks */,
				77CB39982EF222EC00A27DFD /* AppIntents.framework in Frameworks */,
			);
			runOnlyForDeploymentPostprocessing = 0;
		};
/* End PBXFrameworksBuildPhase section */

/* Begin PBXGroup section */
		77CB38F12EF21F9F00A27DFD = {
			isa = PBXGroup;
			children = (
				77CB38FC2EF21F9F00A27DFD /* Currency Converter Widget */,
				77CB390A2EF21FA100A27DFD /* Currency Converter WidgetTests */,
				77CB39142EF21FA200A27DFD /* Currency Converter WidgetUITests */,
				77CB392E2EF222EC00A27DFD /* Widget Extension */,
				77CB39292EF222EC00A27DFD /* Frameworks */,
				77CB38FB2EF21F9F00A27DFD /* Products */,
			);
			sourceTree = "<group>";
		};
		77CB38FB2EF21F9F00A27DFD /* Products */ = {
			isa = PBXGroup;
			children = (
				77CB38FA2EF21F9F00A27DFD /* Currency Converter Widget.app */,
				77CB39072EF21FA100A27DFD /* Currency Converter WidgetTests.xctest */,
				77CB39112EF21FA200A27DFD /* Currency Converter WidgetUITests.xctest */,
				77CB39282EF222EC00A27DFD /* Widget ExtensionExtension.appex */,
			);
			name = Products;
			sourceTree = "<group>";
		};
		77CB39292EF222EC00A27DFD /* Frameworks */ = {
			isa = PBXGroup;
			children = (
				77CB392A2EF222EC00A27DFD /* WidgetKit.framework */,
				77CB392C2EF222EC00A27DFD /* SwiftUI.framework */,
			);
			name = Frameworks;
			sourceTree = "<group>";
		};
/* End PBXGroup section */

/* Begin PBXNativeTarget section */
		77CB38F92EF21F9F00A27DFD /* Currency Converter Widget */ = {
			isa = PBXNativeTarget;
			buildConfigurationList = 77CB391B2EF21FA200A27DFD /* Build configuration list for PBXNativeTarget "Currency Converter Widget" */;
			buildPhases = (
				77CB38F62EF21F9F00A27DFD /* Sources */,
				77CB38F72EF21F9F00A27DFD /* Frameworks */,
				77CB38F82EF21F9F00A27DFD /* Resources */,
				77CB39432EF222EF00A27DFD /* Embed Foundation Extensions */,
			);
			buildRules = (
			);
			dependencies = (
				77CB393D2EF222EE00A27DFD /* PBXTargetDependency */,
			);
			fileSystemSynchronizedGroups = (
				77CB38FC2EF21F9F00A27DFD /* Currency Converter Widget */,
			);
			name = "Currency Converter Widget";
			packageProductDependencies = (
			);
			productName = "Currency Converter Widget";
			productReference = 77CB38FA2EF21F9F00A27DFD /* Currency Converter Widget.app */;
			productType = "com.apple.product-type.application";
		};
		77CB39062EF21FA100A27DFD /* Currency Converter WidgetTests */ = {
			isa = PBXNativeTarget;
			buildConfigurationList = 77CB391E2EF21FA200A27DFD /* Build configuration list for PBXNativeTarget "Currency Converter WidgetTests" */;
			buildPhases = (
				77CB39032EF21FA100A27DFD /* Sources */,
				77CB39042EF21FA100A27DFD /* Frameworks */,
				77CB39052EF21FA100A27DFD /* Resources */,
			);
			buildRules = (
			);
			dependencies = (
				77CB39092EF21FA100A27DFD /* PBXTargetDependency */,
			);
			fileSystemSynchronizedGroups = (
				77CB390A2EF21FA100A27DFD /* Currency Converter WidgetTests */,
			);
			name = "Currency Converter WidgetTests";
			packageProductDependencies = (
			);
			productName = "Currency Converter WidgetTests";
			productReference = 77CB39072EF21FA100A27DFD /* Currency Converter WidgetTests.xctest */;
			productType = "com.apple.product-type.bundle.unit-test";
		};
		77CB39102EF21FA200A27DFD /* Currency Converter WidgetUITests */ = {
			isa = PBXNativeTarget;
			buildConfigurationList = 77CB39212EF21FA200A27DFD /* Build configuration list for PBXNativeTarget "Currency Converter WidgetUITests" */;
			buildPhases = (
				77CB390D2EF21FA200A27DFD /* Sources */,
				77CB390E2EF21FA200A27DFD /* Frameworks */,
				77CB390F2EF21FA200A27DFD /* Resources */,
			);
			buildRules = (
			);
			dependencies = (
				77CB39132EF21FA200A27DFD /* PBXTargetDependency */,
			);
			fileSystemSynchronizedGroups = (
				77CB39142EF21FA200A27DFD /* Currency Converter WidgetUITests */,
			);
			name = "Currency Converter WidgetUITests";
			packageProductDependencies = (
			);
			productName = "Currency Converter WidgetUITests";
			productReference = 77CB39112EF21FA200A27DFD /* Currency Converter WidgetUITests.xctest */;
			productType = "com.apple.product-type.bundle.ui-testing";
		};
		77CB39272EF222EC00A27DFD /* Widget ExtensionExtension */ = {
			isa = PBXNativeTarget;
			buildConfigurationList = 77CB39402EF222EF00A27DFD /* Build configuration list for PBXNativeTarget "Widget ExtensionExtension" */;
			buildPhases = (
				77CB39242EF222EC00A27DFD /* Sources */,
				77CB39252EF222EC00A27DFD /* Frameworks */,
				77CB39262EF222EC00A27DFD /* Resources */,
			);
			buildRules = (
			);
			dependencies = (
			);
			fileSystemSynchronizedGroups = (
				77CB392E2EF222EC00A27DFD /* Widget Extension */,
			);
			name = "Widget ExtensionExtension";
			packageProductDependencies = (
			);
			productName = "Widget ExtensionExtension";
			productReference = 77CB39282EF222EC00A27DFD /* Widget ExtensionExtension.appex */;
			productType = "com.apple.product-type.app-extension";
		};
/* End PBXNativeTarget section */

/* Begin PBXProject section */
		77CB38F22EF21F9F00A27DFD /* Project object */ = {
			isa = PBXProject;
			attributes = {
				BuildIndependentTargetsInParallel = 1;
				LastSwiftUpdateCheck = 1630;
				LastUpgradeCheck = 1630;
				TargetAttributes = {
					77CB38F92EF21F9F00A27DFD = {
						CreatedOnToolsVersion = 16.3;
					};
					77CB39062EF21FA100A27DFD = {
						CreatedOnToolsVersion = 16.3;
						TestTargetID = 77CB38F92EF21F9F00A27DFD;
					};
					77CB39102EF21FA200A27DFD = {
						CreatedOnToolsVersion = 16.3;
						TestTargetID = 77CB38F92EF21F9F00A27DFD;
					};
					77CB39272EF222EC00A27DFD = {
						CreatedOnToolsVersion = 16.3;
					};
				};
			};
			buildConfigurationList = 77CB38F52EF21F9F00A27DFD /* Build configuration list for PBXProject "Currency Converter Widget" */;
			developmentRegion = en;
			hasScannedForEncodings = 0;
			knownRegions = (
				en,
				Base,
			);
			mainGroup = 77CB38F12EF21F9F00A27DFD;
			minimizedProjectReferenceProxies = 1;
			preferredProjectObjectVersion = 77;
			productRefGroup = 77CB38FB2EF21F9F00A27DFD /* Products */;
			projectDirPath = "";
			projectRoot = "";
			targets = (
				77CB38F92EF21F9F00A27DFD /* Currency Converter Widget */,
				77CB39062EF21FA100A27DFD /* Currency Converter WidgetTests */,
				77CB39102EF21FA200A27DFD /* Currency Converter WidgetUITests */,
				77CB39272EF222EC00A27DFD /* Widget ExtensionExtension */,
			);
		};
/* End PBXProject section */

/* Begin PBXResourcesBuildPhase section */
		77CB38F82EF21F9F00A27DFD /* Resources */ = {
			isa = PBXResourcesBuildPhase;
			buildActionMask = 2147483647;
			files = (
			);
			runOnlyForDeploymentPostprocessing = 0;
		};
		77CB39052EF21FA100A27DFD /* Resources */ = {
			isa = PBXResourcesBuildPhase;
			buildActionMask = 2147483647;
			files = (
			);
			runOnlyForDeploymentPostprocessing = 0;
		};
		77CB390F2EF21FA200A27DFD /* Resources */ = {
			isa = PBXResourcesBuildPhase;
			buildActionMask = 2147483647;
			files = (
			);
			runOnlyForDeploymentPostprocessing = 0;
		};
		77CB39262EF222EC00A27DFD /* Resources */ = {
			isa = PBXResourcesBuildPhase;
			buildActionMask = 2147483647;
			files = (
			);
			runOnlyForDeploymentPostprocessing = 0;
		};
/* End PBXResourcesBuildPhase section */

/* Begin PBXSourcesBuildPhase section */
		77CB38F62EF21F9F00A27DFD /* Sources */ = {
			isa = PBXSourcesBuildPhase;
			buildActionMask = 2147483647;
			files = (
			);
			runOnlyForDeploymentPostprocessing = 0;
		};
		77CB39032EF21FA100A27DFD /* Sources */ = {
			isa = PBXSourcesBuildPhase;
			buildActionMask = 2147483647;
			files = (
			);
			runOnlyForDeploymentPostprocessing = 0;
		};
		77CB390D2EF21FA200A27DFD /* Sources */ = {
			isa = PBXSourcesBuildPhase;
			buildActionMask = 2147483647;
			files = (
			);
			runOnlyForDeploymentPostprocessing = 0;
		};
		77CB39242EF222EC00A27DFD /* Sources */ = {
			isa = PBXSourcesBuildPhase;
			buildActionMask = 2147483647;
			files = (
			);
			runOnlyForDeploymentPostprocessing = 0;
		};
/* End PBXSourcesBuildPhase section */

/* Begin PBXTargetDependency section */
		77CB39092EF21FA100A27DFD /* PBXTargetDependency */ = {
			isa = PBXTargetDependency;
			target = 77CB38F92EF21F9F00A27DFD /* Currency Converter Widget */;
			targetProxy = 77CB39082EF21FA100A27DFD /* PBXContainerItemProxy */;
		};
		77CB39132EF21FA200A27DFD /* PBXTargetDependency */ = {
			isa = PBXTargetDependency;
			target = 77CB38F92EF21F9F00A27DFD /* Currency Converter Widget */;
			targetProxy = 77CB39122EF21FA200A27DFD /* PBXContainerItemProxy */;
		};
		77CB393D2EF222EE00A27DFD /* PBXTargetDependency */ = {
			isa = PBXTargetDependency;
			target = 77CB39272EF222EC00A27DFD /* Widget ExtensionExtension */;
			targetProxy = 77CB393C2EF222EE00A27DFD /* PBXContainerItemProxy */;
		};
/* End PBXTargetDependency section */

/* Begin XCBuildConfiguration section */
		77CB39192EF21FA200A27DFD /* Debug */ = {
			isa = XCBuildConfiguration;
			buildSettings = {
				ALWAYS_SEARCH_USER_PATHS = NO;
				ASSETCATALOG_COMPILER_GENERATE_SWIFT_ASSET_SYMBOL_EXTENSIONS = YES;
				CLANG_ANALYZER_NONNULL = YES;
				CLANG_ANALYZER_NUMBER_OBJECT_CONVERSION = YES_AGGRESSIVE;
				CLANG_CXX_LANGUAGE_STANDARD = "gnu++20";
				CLANG_ENABLE_MODULES = YES;
				CLANG_ENABLE_OBJC_ARC = YES;
				CLANG_ENABLE_OBJC_WEAK = YES;
				CLANG_WARN_BLOCK_CAPTURE_AUTORELEASING = YES;
				CLANG_WARN_BOOL_CONVERSION = YES;
				CLANG_WARN_COMMA = YES;
				CLANG_WARN_CONSTANT_CONVERSION = YES;
				CLANG_WARN_DEPRECATED_OBJC_IMPLEMENTATIONS = YES;
				CLANG_WARN_DIRECT_OBJC_ISA_USAGE = YES_ERROR;
				CLANG_WARN_DOCUMENTATION_COMMENTS = YES;
				CLANG_WARN_EMPTY_BODY = YES;
				CLANG_WARN_ENUM_CONVERSION = YES;
				CLANG_WARN_INFINITE_RECURSION = YES;
				CLANG_WARN_INT_CONVERSION = YES;
				CLANG_WARN_NON_LITERAL_NULL_CONVERSION = YES;
				CLANG_WARN_OBJC_IMPLICIT_RETAIN_SELF = YES;
				CLANG_WARN_OBJC_LITERAL_CONVERSION = YES;
				CLANG_WARN_OBJC_ROOT_CLASS = YES_ERROR;
				CLANG_WARN_QUOTED_INCLUDE_IN_FRAMEWORK_HEADER = YES;
				CLANG_WARN_RANGE_LOOP_ANALYSIS = YES;
				CLANG_WARN_STRICT_PROTOTYPES = YES;
				CLANG_WARN_SUSPICIOUS_MOVE = YES;
				CLANG_WARN_UNGUARDED_AVAILABILITY = YES_AGGRESSIVE;
				CLANG_WARN_UNREACHABLE_CODE = YES;
				CLANG_WARN__DUPLICATE_METHOD_MATCH = YES;
				COPY_PHASE_STRIP = NO;
				DEBUG_INFORMATION_FORMAT = dwarf;
				DEVELOPMENT_TEAM = 683MXZZR23;
				ENABLE_STRICT_OBJC_MSGSEND = YES;
				ENABLE_TESTABILITY = YES;
				ENABLE_USER_SCRIPT_SANDBOXING = YES;
				GCC_C_LANGUAGE_STANDARD = gnu17;
				GCC_DYNAMIC_NO_PIC = NO;
				GCC_NO_COMMON_BLOCKS = YES;
				GCC_OPTIMIZATION_LEVEL = 0;
				GCC_PREPROCESSOR_DEFINITIONS = (
					"DEBUG=1",
					"$(inherited)",
				);
				GCC_WARN_64_TO_32_BIT_CONVERSION = YES;
				GCC_WARN_ABOUT_RETURN_TYPE = YES_ERROR;
				GCC_WARN_UNDECLARED_SELECTOR = YES;
				GCC_WARN_UNINITIALIZED_AUTOS = YES_AGGRESSIVE;
				GCC_WARN_UNUSED_FUNCTION = YES;
				GCC_WARN_UNUSED_VARIABLE = YES;
				IPHONEOS_DEPLOYMENT_TARGET = 18.4;
				LOCALIZATION_PREFERS_STRING_CATALOGS = YES;
				MTL_ENABLE_DEBUG_INFO = INCLUDE_SOURCE;
				MTL_FAST_MATH = YES;
				ONLY_ACTIVE_ARCH = YES;
				SDKROOT = iphoneos;
				SWIFT_ACTIVE_COMPILATION_CONDITIONS = "DEBUG $(inherited)";
				SWIFT_OPTIMIZATION_LEVEL = "-Onone";
			};
			name = Debug;
		};
		77CB391A2EF21FA200A27DFD /* Release */ = {
			isa = XCBuildConfiguration;
			buildSettings = {
				ALWAYS_SEARCH_USER_PATHS = NO;
				ASSETCATALOG_COMPILER_GENERATE_SWIFT_ASSET_SYMBOL_EXTENSIONS = YES;
				CLANG_ANALYZER_NONNULL = YES;
				CLANG_ANALYZER_NUMBER_OBJECT_CONVERSION = YES_AGGRESSIVE;
				CLANG_CXX_LANGUAGE_STANDARD = "gnu++20";
				CLANG_ENABLE_MODULES = YES;
				CLANG_ENABLE_OBJC_ARC = YES;
				CLANG_ENABLE_OBJC_WEAK = YES;
				CLANG_WARN_BLOCK_CAPTURE_AUTORELEASING = YES;
				CLANG_WARN_BOOL_CONVERSION = YES;
				CLANG_WARN_COMMA = YES;
				CLANG_WARN_CONSTANT_CONVERSION = YES;
				CLANG_WARN_DEPRECATED_OBJC_IMPLEMENTATIONS = YES;
				CLANG_WARN_DIRECT_OBJC_ISA_USAGE = YES_ERROR;
				CLANG_WARN_DOCUMENTATION_COMMENTS = YES;
				CLANG_WARN_EMPTY_BODY = YES;
				CLANG_WARN_ENUM_CONVERSION = YES;
				CLANG_WARN_INFINITE_RECURSION = YES;
				CLANG_WARN_INT_CONVERSION = YES;
				CLANG_WARN_NON_LITERAL_NULL_CONVERSION = YES;
				CLANG_WARN_OBJC_IMPLICIT_RETAIN_SELF = YES;
				CLANG_WARN_OBJC_LITERAL_CONVERSION = YES;
				CLANG_WARN_OBJC_ROOT_CLASS = YES_ERROR;
				CLANG_WARN_QUOTED_INCLUDE_IN_FRAMEWORK_HEADER = YES;
				CLANG_WARN_RANGE_LOOP_ANALYSIS = YES;
				CLANG_WARN_STRICT_PROTOTYPES = YES;
				CLANG_WARN_SUSPICIOUS_MOVE = YES;
				CLANG_WARN_UNGUARDED_AVAILABILITY = YES_AGGRESSIVE;
				CLANG_WARN_UNREACHABLE_CODE = YES;
				CLANG_WARN__DUPLICATE_METHOD_MATCH = YES;
				COPY_PHASE_STRIP = NO;
				DEBUG_INFORMATION_FORMAT = "dwarf-with-dsym";
				DEVELOPMENT_TEAM = 683MXZZR23;
				ENABLE_NS_ASSERTIONS = NO;
				ENABLE_STRICT_OBJC_MSGSEND = YES;
				ENABLE_USER_SCRIPT_SANDBOXING = YES;
				GCC_C_LANGUAGE_STANDARD = gnu17;
				GCC_NO_COMMON_BLOCKS = YES;
				GCC_WARN_64_TO_32_BIT_CONVERSION = YES;
				GCC_WARN_ABOUT_RETURN_TYPE = YES_ERROR;
				GCC_WARN_UNDECLARED_SELECTOR = YES;
				GCC_WARN_UNINITIALIZED_AUTOS = YES_AGGRESSIVE;
				GCC_WARN_UNUSED_FUNCTION = YES;
				GCC_WARN_UNUSED_VARIABLE = YES;
				IPHONEOS_DEPLOYMENT_TARGET = 18.4;
				LOCALIZATION_PREFERS_STRING_CATALOGS = YES;
				MTL_ENABLE_DEBUG_INFO = NO;
				MTL_FAST_MATH = YES;
				SDKROOT = iphoneos;
				SWIFT_COMPILATION_MODE = wholemodule;
				VALIDATE_PRODUCT = YES;
			};
			name = Release;
		};
		77CB391C2EF21FA200A27DFD /* Debug */ = {
			isa = XCBuildConfiguration;
			buildSettings = {
				ASSETCATALOG_COMPILER_APPICON_NAME = AppIcon;
				ASSETCATALOG_COMPILER_GLOBAL_ACCENT_COLOR_NAME = AccentColor;
				CODE_SIGN_STYLE = Automatic;
				CURRENT_PROJECT_VERSION = 1;
				DEVELOPMENT_TEAM = 683MXZZR23;
				ENABLE_PREVIEWS = YES;
				GENERATE_INFOPLIST_FILE = YES;
				INFOPLIST_KEY_UIApplicationSceneManifest_Generation = YES;
				INFOPLIST_KEY_UIApplicationSupportsIndirectInputEvents = YES;
				INFOPLIST_KEY_UILaunchScreen_Generation = YES;
				INFOPLIST_KEY_UISupportedInterfaceOrientations_iPad = "UIInterfaceOrientationPortrait UIInterfaceOrientationPortraitUpsideDown UIInterfaceOrientationLandscapeLeft UIInterfaceOrientationLandscapeRight";
				INFOPLIST_KEY_UISupportedInterfaceOrientations_iPhone = "UIInterfaceOrientationPortrait UIInterfaceOrientationLandscapeLeft UIInterfaceOrientationLandscapeRight";
				LD_RUNPATH_SEARCH_PATHS = (
					"$(inherited)",
					"@executable_path/Frameworks",
				);
				MARKETING_VERSION = 1.0;
				PRODUCT_BUNDLE_IDENTIFIER = "com.hanuscommercialars.Currency-Converter-Widget";
				PRODUCT_NAME = "$(TARGET_NAME)";
				SWIFT_EMIT_LOC_STRINGS = YES;
				SWIFT_VERSION = 5.0;
				TARGETED_DEVICE_FAMILY = "1,2";
			};
			name = Debug;
		};
		77CB391D2EF21FA200A27DFD /* Release */ = {
			isa = XCBuildConfiguration;
			buildSettings = {
				ASSETCATALOG_COMPILER_APPICON_NAME = AppIcon;
				ASSETCATALOG_COMPILER_GLOBAL_ACCENT_COLOR_NAME = AccentColor;
				CODE_SIGN_STYLE = Automatic;
				CURRENT_PROJECT_VERSION = 1;
				DEVELOPMENT_TEAM = 683MXZZR23;
				ENABLE_PREVIEWS = YES;
				GENERATE_INFOPLIST_FILE = YES;
				INFOPLIST_KEY_UIApplicationSceneManifest_Generation = YES;
				INFOPLIST_KEY_UIApplicationSupportsIndirectInputEvents = YES;
				INFOPLIST_KEY_UILaunchScreen_Generation = YES;
				INFOPLIST_KEY_UISupportedInterfaceOrientations_iPad = "UIInterfaceOrientationPortrait UIInterfaceOrientationPortraitUpsideDown UIInterfaceOrientationLandscapeLeft UIInterfaceOrientationLandscapeRight";
				INFOPLIST_KEY_UISupportedInterfaceOrientations_iPhone = "UIInterfaceOrientationPortrait UIInterfaceOrientationLandscapeLeft UIInterfaceOrientationLandscapeRight";
				LD_RUNPATH_SEARCH_PATHS = (
					"$(inherited)",
					"@executable_path/Frameworks",
				);
				MARKETING_VERSION = 1.0;
				PRODUCT_BUNDLE_IDENTIFIER = "com.hanuscommercialars.Currency-Converter-Widget";
				PRODUCT_NAME = "$(TARGET_NAME)";
				SWIFT_EMIT_LOC_STRINGS = YES;
				SWIFT_VERSION = 5.0;
				TARGETED_DEVICE_FAMILY = "1,2";
			};
			name = Release;
		};
		77CB391F2EF21FA200A27DFD /* Debug */ = {
			isa = XCBuildConfiguration;
			buildSettings = {
				BUNDLE_LOADER = "$(TEST_HOST)";
				CODE_SIGN_STYLE = Automatic;
				CURRENT_PROJECT_VERSION = 1;
				DEVELOPMENT_TEAM = 683MXZZR23;
				GENERATE_INFOPLIST_FILE = YES;
				IPHONEOS_DEPLOYMENT_TARGET = 18.4;
				MARKETING_VERSION = 1.0;
				PRODUCT_BUNDLE_IDENTIFIER = "com.hanuscommercialars.Currency-Converter-WidgetTests";
				PRODUCT_NAME = "$(TARGET_NAME)";
				SWIFT_EMIT_LOC_STRINGS = NO;
				SWIFT_VERSION = 5.0;
				TARGETED_DEVICE_FAMILY = "1,2";
				TEST_HOST = "$(BUILT_PRODUCTS_DIR)/Currency Converter Widget.app/$(BUNDLE_EXECUTABLE_FOLDER_PATH)/Currency Converter Widget";
			};
			name = Debug;
		};
		77CB39202EF21FA200A27DFD /* Release */ = {
			isa = XCBuildConfiguration;
			buildSettings = {
				BUNDLE_LOADER = "$(TEST_HOST)";
				CODE_SIGN_STYLE = Automatic;
				CURRENT_PROJECT_VERSION = 1;
				DEVELOPMENT_TEAM = 683MXZZR23;
				GENERATE_INFOPLIST_FILE = YES;
				IPHONEOS_DEPLOYMENT_TARGET = 18.4;
				MARKETING_VERSION = 1.0;
				PRODUCT_BUNDLE_IDENTIFIER = "com.hanuscommercialars.Currency-Converter-WidgetTests";
				PRODUCT_NAME = "$(TARGET_NAME)";
				SWIFT_EMIT_LOC_STRINGS = NO;
				SWIFT_VERSION = 5.0;
				TARGETED_DEVICE_FAMILY = "1,2";
				TEST_HOST = "$(BUILT_PRODUCTS_DIR)/Currency Converter Widget.app/$(BUNDLE_EXECUTABLE_FOLDER_PATH)/Currency Converter Widget";
			};
			name = Release;
		};
		77CB39222EF21FA200A27DFD /* Debug */ = {
			isa = XCBuildConfiguration;
			buildSettings = {
				CODE_SIGN_STYLE = Automatic;
				CURRENT_PROJECT_VERSION = 1;
				DEVELOPMENT_TEAM = 683MXZZR23;
				GENERATE_INFOPLIST_FILE = YES;
				MARKETING_VERSION = 1.0;
				PRODUCT_BUNDLE_IDENTIFIER = "com.hanuscommercialars.Currency-Converter-WidgetUITests";
				PRODUCT_NAME = "$(TARGET_NAME)";
				SWIFT_EMIT_LOC_STRINGS = NO;
				SWIFT_VERSION = 5.0;
				TARGETED_DEVICE_FAMILY = "1,2";
				TEST_TARGET_NAME = "Currency Converter Widget";
			};
			name = Debug;
		};
		77CB39232EF21FA200A27DFD /* Release */ = {
			isa = XCBuildConfiguration;
			buildSettings = {
				CODE_SIGN_STYLE = Automatic;
				CURRENT_PROJECT_VERSION = 1;
				DEVELOPMENT_TEAM = 683MXZZR23;
				GENERATE_INFOPLIST_FILE = YES;
				MARKETING_VERSION = 1.0;
				PRODUCT_BUNDLE_IDENTIFIER = "com.hanuscommercialars.Currency-Converter-WidgetUITests";
				PRODUCT_NAME = "$(TARGET_NAME)";
				SWIFT_EMIT_LOC_STRINGS = NO;
				SWIFT_VERSION = 5.0;
				TARGETED_DEVICE_FAMILY = "1,2";
				TEST_TARGET_NAME = "Currency Converter Widget";
			};
			name = Release;
		};
		77CB39412EF222EF00A27DFD /* Debug */ = {
			isa = XCBuildConfiguration;
			buildSettings = {
				ASSETCATALOG_COMPILER_GLOBAL_ACCENT_COLOR_NAME = AccentColor;
				ASSETCATALOG_COMPILER_WIDGET_BACKGROUND_COLOR_NAME = WidgetBackground;
				CODE_SIGN_STYLE = Automatic;
				CURRENT_PROJECT_VERSION = 1;
				DEVELOPMENT_TEAM = 683MXZZR23;
				GENERATE_INFOPLIST_FILE = YES;
				INFOPLIST_FILE = "Widget Extension/Info.plist";
				INFOPLIST_KEY_CFBundleDisplayName = "Widget Extension";
				INFOPLIST_KEY_NSHumanReadableCopyright = "";
				LD_RUNPATH_SEARCH_PATHS = (
					"$(inherited)",
					"@executable_path/Frameworks",
					"@executable_path/../../Frameworks",
				);
				MARKETING_VERSION = 1.0;
				PRODUCT_BUNDLE_IDENTIFIER = "com.hanuscommercialars.Currency-Converter-Widget.Widget-Extension";
				PRODUCT_NAME = "$(TARGET_NAME)";
				SKIP_INSTALL = YES;
				SWIFT_EMIT_LOC_STRINGS = YES;
				SWIFT_VERSION = 5.0;
				TARGETED_DEVICE_FAMILY = "1,2";
			};
			name = Debug;
		};
		77CB39422EF222EF00A27DFD /* Release */ = {
			isa = XCBuildConfiguration;
			buildSettings = {
				ASSETCATALOG_COMPILER_GLOBAL_ACCENT_COLOR_NAME = AccentColor;
				ASSETCATALOG_COMPILER_WIDGET_BACKGROUND_COLOR_NAME = WidgetBackground;
				CODE_SIGN_STYLE = Automatic;
				CURRENT_PROJECT_VERSION = 1;
				DEVELOPMENT_TEAM = 683MXZZR23;
				GENERATE_INFOPLIST_FILE = YES;
				INFOPLIST_FILE = "Widget Extension/Info.plist";
				INFOPLIST_KEY_CFBundleDisplayName = "Widget Extension";
				INFOPLIST_KEY_NSHumanReadableCopyright = "";
				LD_RUNPATH_SEARCH_PATHS = (
					"$(inherited)",
					"@executable_path/Frameworks",
					"@executable_path/../../Frameworks",
				);
				MARKETING_VERSION = 1.0;
				PRODUCT_BUNDLE_IDENTIFIER = "com.hanuscommercialars.Currency-Converter-Widget.Widget-Extension";
				PRODUCT_NAME = "$(TARGET_NAME)";
				SKIP_INSTALL = YES;
				SWIFT_EMIT_LOC_STRINGS = YES;
				SWIFT_VERSION = 5.0;
				TARGETED_DEVICE_FAMILY = "1,2";
			};
			name = Release;
		};
/* End XCBuildConfiguration section */

/* Begin XCConfigurationList section */
		77CB38F52EF21F9F00A27DFD /* Build configuration list for PBXProject "Currency Converter Widget" */ = {
			isa = XCConfigurationList;
			buildConfigurations = (
				77CB39192EF21FA200A27DFD /* Debug */,
				77CB391A2EF21FA200A27DFD /* Release */,
			);
			defaultConfigurationIsVisible = 0;
			defaultConfigurationName = Release;
		};
		77CB391B2EF21FA200A27DFD /* Build configuration list for PBXNativeTarget "Currency Converter Widget" */ = {
			isa = XCConfigurationList;
			buildConfigurations = (
				77CB391C2EF21FA200A27DFD /* Debug */,
				77CB391D2EF21FA200A27DFD /* Release */,
			);
			defaultConfigurationIsVisible = 0;
			defaultConfigurationName = Release;
		};
		77CB391E2EF21FA200A27DFD /* Build configuration list for PBXNativeTarget "Currency Converter WidgetTests" */ = {
			isa = XCConfigurationList;
			buildConfigurations = (
				77CB391F2EF21FA200A27DFD /* Debug */,
				77CB39202EF21FA200A27DFD /* Release */,
			);
			defaultConfigurationIsVisible = 0;
			defaultConfigurationName = Release;
		};
		77CB39212EF21FA200A27DFD /* Build configuration list for PBXNativeTarget "Currency Converter WidgetUITests" */ = {
			isa = XCConfigurationList;
			buildConfigurations = (
				77CB39222EF21FA200A27DFD /* Debug */,
				77CB39232EF21FA200A27DFD /* Release */,
			);
			defaultConfigurationIsVisible = 0;
			defaultConfigurationName = Release;
		};
		77CB39402EF222EF00A27DFD /* Build configuration list for PBXNativeTarget "Widget ExtensionExtension" */ = {
			isa = XCConfigurationList;
			buildConfigurations = (
				77CB39412EF222EF00A27DFD /* Debug */,
				77CB39422EF222EF00A27DFD /* Release */,
			);
			defaultConfigurationIsVisible = 0;
			defaultConfigurationName = Release;
		};
/* End XCConfigurationList section */
	};
	rootObject = 77CB38F22EF21F9F00A27DFD /* Project object */;
}
